# This file is automatically @generated by Cargo.
# It is not intended for manual editing.
version = 3

[[package]]
name = "day12"
version = "0.1.0"
dependencies = [
 "grid",
]

[[package]]
name = "grid"
version = "0.11.0"
source = "registry+https://github.com/rust-lang/crates.io-index"
checksum = "1df00eed8d1f0db937f6be10e46e8072b0671accb504cf0f959c5c52c679f5b9"
